
Microsoft Visual Studio Solution File, Format Version 12.00
# Visual Studio Version 17
VisualStudioVersion = 17.2.32616.157
MinimumVisualStudioVersion = 10.0.40219.1
Project("{9A19103F-16F7-4668-BE54-9A1E7A4F7556}") = "MrLubeCMS", "MrLubeCMS.csproj", "{3E8BF855-FC75-46C2-891C-97D3EF1DB0A2}"
EndProject
Project("{9A19103F-16F7-4668-BE54-9A1E7A4F7556}") = "CMS.Core", "..\Core\CMS.Core.csproj", "{B71F77A4-C78F-494C-851F-6B04B0C18EAD}"
EndProject
Project("{9A19103F-16F7-4668-BE54-9A1E7A4F7556}") = "CMS.Infrastructure", "..\Infrastructure\CMS.Infrastructure.csproj", "{F9987777-4221-497A-BE02-13FE5059A8B8}"
EndProject
Project("{9A19103F-16F7-4668-BE54-9A1E7A4F7556}") = "CMS.SharedKernel", "..\CMS.SharedKernel\CMS.SharedKernel.csproj", "{B538B61B-8C58-4074-951C-C7320BED0730}"
EndProject
Project("{FAE04EC0-301F-11D3-BF4B-00C04F79EFBC}") = "CMS.Tests", "..\CMS.Tests\CMS.Tests.csproj", "{7FA51A98-BC02-41EF-B0EE-DE66798A17B3}"
EndProject
Global
	GlobalSection(SolutionConfigurationPlatforms) = preSolution
		Debug|Any CPU = Debug|Any CPU
		Release|Any CPU = Release|Any CPU
	EndGlobalSection
	GlobalSection(ProjectConfigurationPlatforms) = postSolution
		{3E8BF855-FC75-46C2-891C-97D3EF1DB0A2}.Debug|Any CPU.ActiveCfg = Debug|Any CPU
		{3E8BF855-FC75-46C2-891C-97D3EF1DB0A2}.Debug|Any CPU.Build.0 = Debug|Any CPU
		{3E8BF855-FC75-46C2-891C-97D3EF1DB0A2}.Release|Any CPU.ActiveCfg = Release|Any CPU
		{3E8BF855-FC75-46C2-891C-97D3EF1DB0A2}.Release|Any CPU.Build.0 = Release|Any CPU
		{B71F77A4-C78F-494C-851F-6B04B0C18EAD}.Debug|Any CPU.ActiveCfg = Debug|Any CPU
		{B71F77A4-C78F-494C-851F-6B04B0C18EAD}.Debug|Any CPU.Build.0 = Debug|Any CPU
		{B71F77A4-C78F-494C-851F-6B04B0C18EAD}.Release|Any CPU.ActiveCfg = Release|Any CPU
		{B71F77A4-C78F-494C-851F-6B04B0C18EAD}.Release|Any CPU.Build.0 = Release|Any CPU
		{F9987777-4221-497A-BE02-13FE5059A8B8}.Debug|Any CPU.ActiveCfg = Debug|Any CPU
		{F9987777-4221-497A-BE02-13FE5059A8B8}.Debug|Any CPU.Build.0 = Debug|Any CPU
		{F9987777-4221-497A-BE02-13FE5059A8B8}.Release|Any CPU.ActiveCfg = Release|Any CPU
		{F9987777-4221-497A-BE02-13FE5059A8B8}.Release|Any CPU.Build.0 = Release|Any CPU
		{B538B61B-8C58-4074-951C-C7320BED0730}.Debug|Any CPU.ActiveCfg = Debug|Any CPU
		{B538B61B-8C58-4074-951C-C7320BED0730}.Debug|Any CPU.Build.0 = Debug|Any CPU
		{B538B61B-8C58-4074-951C-C7320BED0730}.Release|Any CPU.ActiveCfg = Release|Any CPU
		{B538B61B-8C58-4074-951C-C7320BED0730}.Release|Any CPU.Build.0 = Release|Any CPU
		{7FA51A98-BC02-41EF-B0EE-DE66798A17B3}.Debug|Any CPU.ActiveCfg = Debug|Any CPU
		{7FA51A98-BC02-41EF-B0EE-DE66798A17B3}.Debug|Any CPU.Build.0 = Debug|Any CPU
		{7FA51A98-BC02-41EF-B0EE-DE66798A17B3}.Release|Any CPU.ActiveCfg = Release|Any CPU
		{7FA51A98-BC02-41EF-B0EE-DE66798A17B3}.Release|Any CPU.Build.0 = Release|Any CPU
	EndGlobalSection
	GlobalSection(SolutionProperties) = preSolution
		HideSolutionNode = FALSE
	EndGlobalSection
	GlobalSection(ExtensibilityGlobals) = postSolution
		SolutionGuid = {C2D41FB0-9BB1-4C2D-B1EC-5F5BB982280C}
	EndGlobalSection
EndGlobal
